github.com/sxexesx/learn-backend/go/_projects/08_modules/server v0.0.0-20251105082559-596898bfa148 h1:7jmf3TT5HxbWKm0JzH3DmK0cPALeKPcXvQBgecAq9T4=
github.com/sxexesx/learn-backend/go/_projects/08_modules/server v0.0.0-20251105082559-596898bfa148/go.mod h1:yGR0dPm8DWR/RRD2YKrN8v1Ds8AQtmqP3zkgvpUOolM=
