github.com/google/uuid v1.6.0 h1:NIvaJDMOsjHA8n1jAhLSgzrAzy1Hgr+hNrb57e+94F0=
github.com/google/uuid v1.6.0/go.mod h1:TIyPZe4MgqvfeYDBFedMoGGpEw/LqOeaOT+nhxU+yHo=
github.com/sxexesx/learn-backend/go/_projects/08_modules/server v0.0.0-20251105085107-de3287a81502 h1:/O/eLGWiIQtGTIAtb/EyhcEYUUP0t4/7/H0ISTcfDxg=
github.com/sxexesx/learn-backend/go/_projects/08_modules/server v0.0.0-20251105085107-de3287a81502/go.mod h1:yGR0dPm8DWR/RRD2YKrN8v1Ds8AQtmqP3zkgvpUOolM=
